// !$*UTF8*$!
{
	archiveVersion = 1;
	classes = {
	};
	objectVersion = 50;
	objects = {

/* Begin PBXBuildFile section */
		FFC0FB5024912B0C00E462F7 /* AppDelegate.swift in Sources */ = {isa = PBXBuildFile; fileRef = FFC0FB4F24912B0C00E462F7 /* AppDelegate.swift */; };
		FFC0FB5224912B0C00E462F7 /* SceneDelegate.swift in Sources */ = {isa = PBXBuildFile; fileRef = FFC0FB5124912B0C00E462F7 /* SceneDelegate.swift */; };
		FFC0FB5424912B0C00E462F7 /* ContentView.swift in Sources */ = {isa = PBXBuildFile; fileRef = FFC0FB5324912B0C00E462F7 /* ContentView.swift */; };
		FFC0FB5624912B0D00E462F7 /* Assets.xcassets in Resources */ = {isa = PBXBuildFile; fileRef = FFC0FB5524912B0D00E462F7 /* Assets.xcassets */; };
		FFC0FB5924912B0D00E462F7 /* Preview Assets.xcassets in Resources */ = {isa = PBXBuildFile; fileRef = FFC0FB5824912B0D00E462F7 /* Preview Assets.xcassets */; };
		FFC0FB5C24912B0D00E462F7 /* LaunchScreen.storyboard in Resources */ = {isa = PBXBuildFile; fileRef = FFC0FB5A24912B0D00E462F7 /* LaunchScreen.storyboard */; };
/* End PBXBuildFile section */

/* Begin PBXFileReference section */
		FFC0FB4C24912B0C00E462F7 /* learn.app */ = {isa = PBXFileReference; explicitFileType = wrapper.application; includeInIndex = 0; path = learn.app; sourceTree = BUILT_PRODUCTS_DIR; };
		FFC0FB4F24912B0C00E462F7 /* AppDelegate.swift */ = {isa = PBXFileReference; lastKnownFileType = sourcecode.swift; path = AppDelegate.swift; sourceTree = "<group>"; };
		FFC0FB5124912B0C00E462F7 /* SceneDelegate.swift */ = {isa = PBXFileReference; lastKnownFileType = sourcecode.swift; path = SceneDelegate.swift; sourceTree = "<group>"; };
		FFC0FB5324912B0C00E462F7 /* ContentView.swift */ = {isa = PBXFileReference; lastKnownFileType = sourcecode.swift; path = ContentView.swift; sourceTree = "<group>"; };
		FFC0FB5524912B0D00E462F7 /* Assets.xcassets */ = {isa = PBXFileReference; lastKnownFileType = folder.assetcatalog; path = Assets.xcassets; sourceTree = "<group>"; };
		FFC0FB5824912B0D00E462F7 /* Preview Assets.xcassets */ = {isa = PBXFileReference; lastKnownFileType = folder.assetcatalog; path = "Preview Assets.xcassets"; sourceTree = "<group>"; };
		FFC0FB5B24912B0D00E462F7 /* Base */ = {isa = PBXFileReference; lastKnownFileType = file.storyboard; name = Base; path = Base.lproj/LaunchScreen.storyboard; sourceTree = "<group>"; };
		FFC0FB5D24912B0D00E462F7 /* Info.plist */ = {isa = PBXFileReference; lastKnownFileType = text.plist.xml; path = Info.plist; sourceTree = "<group>"; };
/* End PBXFileReference section */

/* Begin PBXFrameworksBuildPhase section */
		FFC0FB4924912B0C00E462F7 /* Frameworks */ = {
			isa = PBXFrameworksBuildPhase;
			buildActionMask = 2147483647;
			files = (
			);
			runOnlyForDeploymentPostprocessing = 0;
		};
/* End PBXFrameworksBuildPhase section */

/* Begin PBXGroup section */
		FFC0FB4324912B0C00E462F7 = {
			isa = PBXGroup;
			children = (
				FFC0FB4E24912B0C00E462F7 /* learn */,
				FFC0FB4D24912B0C00E462F7 /* Products */,
			);
			sourceTree = "<group>";
		};
		FFC0FB4D24912B0C00E462F7 /* Products */ = {
			isa = PBXGroup;
			children = (
				FFC0FB4C24912B0C00E462F7 /* learn.app */,
			);
			name = Products;
			sourceTree = "<group>";
		};
		FFC0FB4E24912B0C00E462F7 /* learn */ = {
			isa = PBXGroup;
			children = (
				FFC0FB4F24912B0C00E462F7 /* AppDelegate.swift */,
				FFC0FB5124912B0C00E462F7 /* SceneDelegate.swift */,
				FFC0FB5324912B0C00E462F7 /* ContentView.swift */,
				FFC0FB5524912B0D00E462F7 /* Assets.xcassets */,
				FFC0FB5A24912B0D00E462F7 /* LaunchScreen.storyboard */,
				FFC0FB5D24912B0D00E462F7 /* Info.plist */,
				FFC0FB5724912B0D00E462F7 /* Preview Content */,
			);
			path = learn;
			sourceTree = "<group>";
		};
		FFC0FB5724912B0D00E462F7 /* Preview Content */ = {
			isa = PBXGroup;
			children = (
				FFC0FB5824912B0D00E462F7 /* Preview Assets.xcassets */,
			);
			path = "Preview Content";
			sourceTree = "<group>";
		};
/* End PBXGroup section */

/* Begin PBXNativeTarget section */
		FFC0FB4B24912B0C00E462F7 /* learn */ = {
			isa = PBXNativeTarget;
			buildConfigurationList = FFC0FB6024912B0D00E462F7 /* Build configuration list for PBXNativeTarget "learn" */;
			buildPhases = (
				FFC0FB4824912B0C00E462F7 /* Sources */,
				FFC0FB4924912B0C00E462F7 /* Frameworks */,
				FFC0FB4A24912B0C00E462F7 /* Resources */,
			);
			buildRules = (
			);
			dependencies = (
			);
			name = learn;
			productName = learn;
			productReference = FFC0FB4C24912B0C00E462F7 /* learn.app */;
			productType = "com.apple.product-type.application";
		};
/* End PBXNativeTarget section */

/* Begin PBXProject section */
		FFC0FB4424912B0C00E462F7 /* Project object */ = {
			isa = PBXProject;
			attributes = {
				LastSwiftUpdateCheck = 1150;
				LastUpgradeCheck = 1150;
				ORGANIZATIONNAME = tientran;
				TargetAttributes = {
					FFC0FB4B24912B0C00E462F7 = {
						CreatedOnToolsVersion = 11.5;
					};
				};
			};
			buildConfigurationList = FFC0FB4724912B0C00E462F7 /* Build configuration list for PBXProject "learn" */;
			compatibilityVersion = "Xcode 9.3";
			developmentRegion = en;
			hasScannedForEncodings = 0;
			knownRegions = (
				en,
				Base,
			);
			mainGroup = FFC0FB4324912B0C00E462F7;
			productRefGroup = FFC0FB4D24912B0C00E462F7 /* Products */;
			projectDirPath = "";
			projectRoot = "";
			targets = (
				FFC0FB4B24912B0C00E462F7 /* learn */,
			);
		};
/* End PBXProject section */

/* Begin PBXResourcesBuildPhase section */
		FFC0FB4A24912B0C00E462F7 /* Resources */ = {
			isa = PBXResourcesBuildPhase;
			buildActionMask = 2147483647;
			files = (
				FFC0FB5C24912B0D00E462F7 /* LaunchScreen.storyboard in Resources */,
				FFC0FB5924912B0D00E462F7 /* Preview Assets.xcassets in Resources */,
				FFC0FB5624912B0D00E462F7 /* Assets.xcassets in Resources */,
			);
			runOnlyForDeploymentPostprocessing = 0;
		};
/* End PBXResourcesBuildPhase section */

/* Begin PBXSourcesBuildPhase section */
		FFC0FB4824912B0C00E462F7 /* Sources */ = {
			isa = PBXSourcesBuildPhase;
			buildActionMask = 2147483647;
			files = (
				FFC0FB5024912B0C00E462F7 /* AppDelegate.swift in Sources */,
				FFC0FB5224912B0C00E462F7 /* SceneDelegate.swift in Sources */,
				FFC0FB5424912B0C00E462F7 /* ContentView.swift in Sources */,
			);
			runOnlyForDeploymentPostprocessing = 0;
		};
/* End PBXSourcesBuildPhase section */

/* Begin PBXVariantGroup section */
		FFC0FB5A24912B0D00E462F7 /* LaunchScreen.storyboard */ = {
			isa = PBXVariantGroup;
			children = (
				FFC0FB5B24912B0D00E462F7 /* Base */,
			);
			name = LaunchScreen.storyboard;
			sourceTree = "<group>";
		};
/* End PBXVariantGroup section */

/* Begin XCBuildConfiguration section */
		FFC0FB5E24912B0D00E462F7 /* Debug */ = {
			isa = XCBuildConfiguration;
			buildSettings = {
				ALWAYS_SEARCH_USER_PATHS = NO;
				CLANG_ANALYZER_NONNULL = YES;
				CLANG_ANALYZER_NUMBER_OBJECT_CONVERSION = YES_AGGRESSIVE;
				CLANG_CXX_LANGUAGE_STANDARD = "gnu++14";
				CLANG_CXX_LIBRARY = "libc++";
				CLANG_ENABLE_MODULES = YES;
				CLANG_ENABLE_OBJC_ARC = YES;
				CLANG_ENABLE_OBJC_WEAK = YES;
				CLANG_WARN_BLOCK_CAPTURE_AUTORELEASING = YES;
				CLANG_WARN_BOOL_CONVERSION = YES;
				CLANG_WARN_COMMA = YES;
				CLANG_WARN_CONSTANT_CONVERSION = YES;
				CLANG_WARN_DEPRECATED_OBJC_IMPLEMENTATIONS = YES;
				CLANG_WARN_DIRECT_OBJC_ISA_USAGE = YES_ERROR;
				CLANG_WARN_DOCUMENTATION_COMMENTS = YES;
				CLANG_WARN_EMPTY_BODY = YES;
				CLANG_WARN_ENUM_CONVERSION = YES;
				CLANG_WARN_INFINITE_RECURSION = YES;
				CLANG_WARN_INT_CONVERSION = YES;
				CLANG_WARN_NON_LITERAL_NULL_CONVERSION = YES;
				CLANG_WARN_OBJC_IMPLICIT_RETAIN_SELF = YES;
				CLANG_WARN_OBJC_LITERAL_CONVERSION = YES;
				CLANG_WARN_OBJC_ROOT_CLASS = YES_ERROR;
				CLANG_WARN_RANGE_LOOP_ANALYSIS = YES;
				CLANG_WARN_STRICT_PROTOTYPES = YES;
				CLANG_WARN_SUSPICIOUS_MOVE = YES;
				CLANG_WARN_UNGUARDED_AVAILABILITY = YES_AGGRESSIVE;
				CLANG_WARN_UNREACHABLE_CODE = YES;
				CLANG_WARN__DUPLICATE_METHOD_MATCH = YES;
				COPY_PHASE_STRIP = NO;
				DEBUG_INFORMATION_FORMAT = dwarf;
				ENABLE_STRICT_OBJC_MSGSEND = YES;
				ENABLE_TESTABILITY = YES;
				GCC_C_LANGUAGE_STANDARD = gnu11;
				GCC_DYNAMIC_NO_PIC = NO;
				GCC_NO_COMMON_BLOCKS = YES;
				GCC_OPTIMIZATION_LEVEL = 0;
				GCC_PREPROCESSOR_DEFINITIONS = (
					"DEBUG=1",
					"$(inherited)",
				);
				GCC_WARN_64_TO_32_BIT_CONVERSION = YES;
				GCC_WARN_ABOUT_RETURN_TYPE = YES_ERROR;
				GCC_WARN_UNDECLARED_SELECTOR = YES;
				GCC_WARN_UNINITIALIZED_AUTOS = YES_AGGRESSIVE;
				GCC_WARN_UNUSED_FUNCTION = YES;
				GCC_WARN_UNUSED_VARIABLE = YES;
				IPHONEOS_DEPLOYMENT_TARGET = 13.5;
				MTL_ENABLE_DEBUG_INFO = INCLUDE_SOURCE;
				MTL_FAST_MATH = YES;
				ONLY_ACTIVE_ARCH = YES;
				SDKROOT = iphoneos;
				SWIFT_ACTIVE_COMPILATION_CONDITIONS = DEBUG;
				SWIFT_OPTIMIZATION_LEVEL = "-Onone";
			};
			name = Debug;
		};
		FFC0FB5F24912B0D00E462F7 /* Release */ = {
			isa = XCBuildConfiguration;
			buildSettings = {
				ALWAYS_SEARCH_USER_PATHS = NO;
				CLANG_ANALYZER_NONNULL = YES;
				CLANG_ANALYZER_NUMBER_OBJECT_CONVERSION = YES_AGGRESSIVE;
				CLANG_CXX_LANGUAGE_STANDARD = "gnu++14";
				CLANG_CXX_LIBRARY = "libc++";
				CLANG_ENABLE_MODULES = YES;
				CLANG_ENABLE_OBJC_ARC = YES;
				CLANG_ENABLE_OBJC_WEAK = YES;
				CLANG_WARN_BLOCK_CAPTURE_AUTORELEASING = YES;
				CLANG_WARN_BOOL_CONVERSION = YES;
				CLANG_WARN_COMMA = YES;
				CLANG_WARN_CONSTANT_CONVERSION = YES;
				CLANG_WARN_DEPRECATED_OBJC_IMPLEMENTATIONS = YES;
				CLANG_WARN_DIRECT_OBJC_ISA_USAGE = YES_ERROR;
				CLANG_WARN_DOCUMENTATION_COMMENTS = YES;
				CLANG_WARN_EMPTY_BODY = YES;
				CLANG_WARN_ENUM_CONVERSION = YES;
				CLANG_WARN_INFINITE_RECURSION = YES;
				CLANG_WARN_INT_CONVERSION = YES;
				CLANG_WARN_NON_LITERAL_NULL_CONVERSION = YES;
				CLANG_WARN_OBJC_IMPLICIT_RETAIN_SELF = YES;
				CLANG_WARN_OBJC_LITERAL_CONVERSION = YES;
				CLANG_WARN_OBJC_ROOT_CLASS = YES_ERROR;
				CLANG_WARN_RANGE_LOOP_ANALYSIS = YES;
				CLANG_WARN_STRICT_PROTOTYPES = YES;
				CLANG_WARN_SUSPICIOUS_MOVE = YES;
				CLANG_WARN_UNGUARDED_AVAILABILITY = YES_AGGRESSIVE;
				CLANG_WARN_UNREACHABLE_CODE = YES;
				CLANG_WARN__DUPLICATE_METHOD_MATCH = YES;
				COPY_PHASE_STRIP = NO;
				DEBUG_INFORMATION_FORMAT = "dwarf-with-dsym";
				ENABLE_NS_ASSERTIONS = NO;
				ENABLE_STRICT_OBJC_MSGSEND = YES;
				GCC_C_LANGUAGE_STANDARD = gnu11;
				GCC_NO_COMMON_BLOCKS = YES;
				GCC_WARN_64_TO_32_BIT_CONVERSION = YES;
				GCC_WARN_ABOUT_RETURN_TYPE = YES_ERROR;
				GCC_WARN_UNDECLARED_SELECTOR = YES;
				GCC_WARN_UNINITIALIZED_AUTOS = YES_AGGRESSIVE;
				GCC_WARN_UNUSED_FUNCTION = YES;
				GCC_WARN_UNUSED_VARIABLE = YES;
				IPHONEOS_DEPLOYMENT_TARGET = 13.5;
				MTL_ENABLE_DEBUG_INFO = NO;
				MTL_FAST_MATH = YES;
				SDKROOT = iphoneos;
				SWIFT_COMPILATION_MODE = wholemodule;
				SWIFT_OPTIMIZATION_LEVEL = "-O";
				VALIDATE_PRODUCT = YES;
			};
			name = Release;
		};
		FFC0FB6124912B0D00E462F7 /* Debug */ = {
			isa = XCBuildConfiguration;
			buildSettings = {
				ASSETCATALOG_COMPILER_APPICON_NAME = AppIcon;
				CODE_SIGN_STYLE = Automatic;
				DEVELOPMENT_ASSET_PATHS = "\"learn/Preview Content\"";
				ENABLE_PREVIEWS = YES;
				INFOPLIST_FILE = learn/Info.plist;
				LD_RUNPATH_SEARCH_PATHS = (
					"$(inherited)",
					"@executable_path/Frameworks",
				);
				PRODUCT_BUNDLE_IDENTIFIER = tientranzt.learn;
				PRODUCT_NAME = "$(TARGET_NAME)";
				SWIFT_VERSION = 5.0;
				TARGETED_DEVICE_FAMILY = "1,2";
			};
			name = Debug;
		};
		FFC0FB6224912B0D00E462F7 /* Release */ = {
			isa = XCBuildConfiguration;
			buildSettings = {
				ASSETCATALOG_COMPILER_APPICON_NAME = AppIcon;
				CODE_SIGN_STYLE = Automatic;
				DEVELOPMENT_ASSET_PATHS = "\"learn/Preview Content\"";
				ENABLE_PREVIEWS = YES;
				INFOPLIST_FILE = learn/Info.plist;
				LD_RUNPATH_SEARCH_PATHS = (
					"$(inherited)",
					"@executable_path/Frameworks",
				);
				PRODUCT_BUNDLE_IDENTIFIER = tientranzt.learn;
				PRODUCT_NAME = "$(TARGET_NAME)";
				SWIFT_VERSION = 5.0;
				TARGETED_DEVICE_FAMILY = "1,2";
			};
			name = Release;
		};
/* End XCBuildConfiguration section */

/* Begin XCConfigurationList section */
		FFC0FB4724912B0C00E462F7 /* Build configuration list for PBXProject "learn" */ = {
			isa = XCConfigurationList;
			buildConfigurations = (
				FFC0FB5E24912B0D00E462F7 /* Debug */,
				FFC0FB5F24912B0D00E462F7 /* Release */,
			);
			defaultConfigurationIsVisible = 0;
			defaultConfigurationName = Release;
		};
		FFC0FB6024912B0D00E462F7 /* Build configuration list for PBXNativeTarget "learn" */ = {
			isa = XCConfigurationList;
			buildConfigurations = (
				FFC0FB6124912B0D00E462F7 /* Debug */,
				FFC0FB6224912B0D00E462F7 /* Release */,
			);
			defaultConfigurationIsVisible = 0;
			defaultConfigurationName = Release;
		};
/* End XCConfigurationList section */
	};
	rootObject = FFC0FB4424912B0C00E462F7 /* Project object */;
}
